
Microsoft Visual Studio Solution File, Format Version 12.00
# Visual Studio Version 16
VisualStudioVersion = 16.0.31205.134
MinimumVisualStudioVersion = 10.0.40219.1
Project("{FAE04EC0-301F-11D3-BF4B-00C04F79EFBC}") = "GameServer", "GameServer.csproj", "{A2C3D0B5-8BE9-44BB-A0CD-2B968E8FCCFE}"
EndProject
Global
	GlobalSection(SolutionConfigurationPlatforms) = preSolution
		Debug|Any CPU = Debug|Any CPU
		Release|Any CPU = Release|Any CPU
	EndGlobalSection
	GlobalSection(ProjectConfigurationPlatforms) = postSolution
		{A2C3D0B5-8BE9-44BB-A0CD-2B968E8FCCFE}.Debug|Any CPU.ActiveCfg = Debug|Any CPU
		{A2C3D0B5-8BE9-44BB-A0CD-2B968E8FCCFE}.Debug|Any CPU.Build.0 = Debug|Any CPU
		{A2C3D0B5-8BE9-44BB-A0CD-2B968E8FCCFE}.Release|Any CPU.ActiveCfg = Release|Any CPU
		{A2C3D0B5-8BE9-44BB-A0CD-2B968E8FCCFE}.Release|Any CPU.Build.0 = Release|Any CPU
	EndGlobalSection
	GlobalSection(SolutionProperties) = preSolution
		HideSolutionNode = FALSE
	EndGlobalSection
	GlobalSection(ExtensibilityGlobals) = postSolution
		SolutionGuid = {B53744F6-27D6-4451-B319-37600FA94070}
	EndGlobalSection
EndGlobal
